// !$*UTF8*$!
{
	archiveVersion = 1;
	classes = {
	};
	objectVersion = 51;
	objects = {

/* Begin PBXBuildFile section */
		55B57D6E10BE8758C9AD14B5 /* Pods_FlixTests.framework in Frameworks */ = {isa = PBXBuildFile; fileRef = DFED6DA1DD98074C25ED6335 /* Pods_FlixTests.framework */; };
		8A30302D268544DB009B4797 /* GridViewController.m in Sources */ = {isa = PBXBuildFile; fileRef = 8A30302C268544DB009B4797 /* GridViewController.m */; };
		8A4B853926839047006F9F4D /* AppDelegate.m in Sources */ = {isa = PBXBuildFile; fileRef = 8A4B853826839047006F9F4D /* AppDelegate.m */; };
		8A4B853C26839047006F9F4D /* SceneDelegate.m in Sources */ = {isa = PBXBuildFile; fileRef = 8A4B853B26839047006F9F4D /* SceneDelegate.m */; };
		8A4B854226839047006F9F4D /* Main.storyboard in Resources */ = {isa = PBXBuildFile; fileRef = 8A4B854026839047006F9F4D /* Main.storyboard */; };
		8A4B854426839048006F9F4D /* Assets.xcassets in Resources */ = {isa = PBXBuildFile; fileRef = 8A4B854326839048006F9F4D /* Assets.xcassets */; };
		8A4B854726839048006F9F4D /* LaunchScreen.storyboard in Resources */ = {isa = PBXBuildFile; fileRef = 8A4B854526839048006F9F4D /* LaunchScreen.storyboard */; };
		8A4B854A26839048006F9F4D /* main.m in Sources */ = {isa = PBXBuildFile; fileRef = 8A4B854926839048006F9F4D /* main.m */; };
		8A4B855426839048006F9F4D /* FlixTests.m in Sources */ = {isa = PBXBuildFile; fileRef = 8A4B855326839048006F9F4D /* FlixTests.m */; };
		8A4B855F26839048006F9F4D /* FlixUITests.m in Sources */ = {isa = PBXBuildFile; fileRef = 8A4B855E26839048006F9F4D /* FlixUITests.m */; };
		8A4B857A2683A12A006F9F4D /* MoviesViewController.m in Sources */ = {isa = PBXBuildFile; fileRef = 8A4B85792683A12A006F9F4D /* MoviesViewController.m */; };
		8A4B85802683CC48006F9F4D /* MovieCell.m in Sources */ = {isa = PBXBuildFile; fileRef = 8A4B857F2683CC48006F9F4D /* MovieCell.m */; };
		8A4B85832683DD8F006F9F4D /* DetailsViewController.m in Sources */ = {isa = PBXBuildFile; fileRef = 8A4B85822683DD8F006F9F4D /* DetailsViewController.m */; };
		8A4B85862684009B006F9F4D /* MoviesGridViewController.m in Sources */ = {isa = PBXBuildFile; fileRef = 8A4B85852684009B006F9F4D /* MoviesGridViewController.m */; };
		8A4B85D026851A3A006F9F4D /* MovieCollectionCell.m in Sources */ = {isa = PBXBuildFile; fileRef = 8A4B85CF26851A3A006F9F4D /* MovieCollectionCell.m */; };
		8AB116F126867F5C008B271B /* WebKit.framework in Frameworks */ = {isa = PBXBuildFile; fileRef = 8AB116F026867F5C008B271B /* WebKit.framework */; };
		8AB116F726868081008B271B /* trailerViewViewController.m in Sources */ = {isa = PBXBuildFile; fileRef = 8AB116F626868081008B271B /* trailerViewViewController.m */; };
		8AB116FA26868209008B271B /* anotherTrailerViewViewController.m in Sources */ = {isa = PBXBuildFile; fileRef = 8AB116F926868209008B271B /* anotherTrailerViewViewController.m */; };
		AC45F8B1B4DC6819E0304086 /* Pods_Flix_FlixUITests.framework in Frameworks */ = {isa = PBXBuildFile; fileRef = 8904384542DA25F40291754F /* Pods_Flix_FlixUITests.framework */; };
		ADD6EF12B5FE44263047EC4B /* Pods_Flix.framework in Frameworks */ = {isa = PBXBuildFile; fileRef = BA186212936B76C9A72D91A6 /* Pods_Flix.framework */; };
/* End PBXBuildFile section */

/* Begin PBXContainerItemProxy section */
		8A4B855026839048006F9F4D /* PBXContainerItemProxy */ = {
			isa = PBXContainerItemProxy;
			containerPortal = 8A4B852C26839046006F9F4D /* Project object */;
			proxyType = 1;
			remoteGlobalIDString = 8A4B853326839047006F9F4D;
			remoteInfo = Flix;
		};
		8A4B855B26839048006F9F4D /* PBXContainerItemProxy */ = {
			isa = PBXContainerItemProxy;
			containerPortal = 8A4B852C26839046006F9F4D /* Project object */;
			proxyType = 1;
			remoteGlobalIDString = 8A4B853326839047006F9F4D;
			remoteInfo = Flix;
		};
/* End PBXContainerItemProxy section */

/* Begin PBXFileReference section */
		17C84DF23AB32144A4FD1BAF /* Pods-Flix.release.xcconfig */ = {isa = PBXFileReference; includeInIndex = 1; lastKnownFileType = text.xcconfig; name = "Pods-Flix.release.xcconfig"; path = "Target Support Files/Pods-Flix/Pods-Flix.release.xcconfig"; sourceTree = "<group>"; };
		3CC0072DC3DFDFAD345E8843 /* Pods-FlixTests.release.xcconfig */ = {isa = PBXFileReference; includeInIndex = 1; lastKnownFileType = text.xcconfig; name = "Pods-FlixTests.release.xcconfig"; path = "Target Support Files/Pods-FlixTests/Pods-FlixTests.release.xcconfig"; sourceTree = "<group>"; };
		52152B49154F1A346B9114B7 /* Pods-Flix-FlixUITests.debug.xcconfig */ = {isa = PBXFileReference; includeInIndex = 1; lastKnownFileType = text.xcconfig; name = "Pods-Flix-FlixUITests.debug.xcconfig"; path = "Target Support Files/Pods-Flix-FlixUITests/Pods-Flix-FlixUITests.debug.xcconfig"; sourceTree = "<group>"; };
		793E126DB54818C822E0083D /* Pods-Flix.debug.xcconfig */ = {isa = PBXFileReference; includeInIndex = 1; lastKnownFileType = text.xcconfig; name = "Pods-Flix.debug.xcconfig"; path = "Target Support Files/Pods-Flix/Pods-Flix.debug.xcconfig"; sourceTree = "<group>"; };
		8904384542DA25F40291754F /* Pods_Flix_FlixUITests.framework */ = {isa = PBXFileReference; explicitFileType = wrapper.framework; includeInIndex = 0; path = Pods_Flix_FlixUITests.framework; sourceTree = BUILT_PRODUCTS_DIR; };
		8A30302B268544DB009B4797 /* GridViewController.h */ = {isa = PBXFileReference; lastKnownFileType = sourcecode.c.h; path = GridViewController.h; sourceTree = "<group>"; };
		8A30302C268544DB009B4797 /* GridViewController.m */ = {isa = PBXFileReference; lastKnownFileType = sourcecode.c.objc; path = GridViewController.m; sourceTree = "<group>"; };
		8A4B853426839047006F9F4D /* Flix.app */ = {isa = PBXFileReference; explicitFileType = wrapper.application; includeInIndex = 0; path = Flix.app; sourceTree = BUILT_PRODUCTS_DIR; };
		8A4B853726839047006F9F4D /* AppDelegate.h */ = {isa = PBXFileReference; lastKnownFileType = sourcecode.c.h; path = AppDelegate.h; sourceTree = "<group>"; };
		8A4B853826839047006F9F4D /* AppDelegate.m */ = {isa = PBXFileReference; lastKnownFileType = sourcecode.c.objc; path = AppDelegate.m; sourceTree = "<group>"; };
		8A4B853A26839047006F9F4D /* SceneDelegate.h */ = {isa = PBXFileReference; lastKnownFileType = sourcecode.c.h; path = SceneDelegate.h; sourceTree = "<group>"; };
		8A4B853B26839047006F9F4D /* SceneDelegate.m */ = {isa = PBXFileReference; lastKnownFileType = sourcecode.c.objc; path = SceneDelegate.m; sourceTree = "<group>"; };
		8A4B854126839047006F9F4D /* Base */ = {isa = PBXFileReference; lastKnownFileType = file.storyboard; name = Base; path = Base.lproj/Main.storyboard; sourceTree = "<group>"; };
		8A4B854326839048006F9F4D /* Assets.xcassets */ = {isa = PBXFileReference; lastKnownFileType = folder.assetcatalog; path = Assets.xcassets; sourceTree = "<group>"; };
		8A4B854626839048006F9F4D /* Base */ = {isa = PBXFileReference; lastKnownFileType = file.storyboard; name = Base; path = Base.lproj/LaunchScreen.storyboard; sourceTree = "<group>"; };
		8A4B854826839048006F9F4D /* Info.plist */ = {isa = PBXFileReference; lastKnownFileType = text.plist.xml; path = Info.plist; sourceTree = "<group>"; };
		8A4B854926839048006F9F4D /* main.m */ = {isa = PBXFileReference; lastKnownFileType = sourcecode.c.objc; path = main.m; sourceTree = "<group>"; };
		8A4B854F26839048006F9F4D /* FlixTests.xctest */ = {isa = PBXFileReference; explicitFileType = wrapper.cfbundle; includeInIndex = 0; path = FlixTests.xctest; sourceTree = BUILT_PRODUCTS_DIR; };
		8A4B855326839048006F9F4D /* FlixTests.m */ = {isa = PBXFileReference; lastKnownFileType = sourcecode.c.objc; path = FlixTests.m; sourceTree = "<group>"; };
		8A4B855526839048006F9F4D /* Info.plist */ = {isa = PBXFileReference; lastKnownFileType = text.plist.xml; path = Info.plist; sourceTree = "<group>"; };
		8A4B855A26839048006F9F4D /* FlixUITests.xctest */ = {isa = PBXFileReference; explicitFileType = wrapper.cfbundle; includeInIndex = 0; path = FlixUITests.xctest; sourceTree = BUILT_PRODUCTS_DIR; };
		8A4B855E26839048006F9F4D /* FlixUITests.m */ = {isa = PBXFileReference; lastKnownFileType = sourcecode.c.objc; path = FlixUITests.m; sourceTree = "<group>"; };
		8A4B856026839048006F9F4D /* Info.plist */ = {isa = PBXFileReference; lastKnownFileType = text.plist.xml; path = Info.plist; sourceTree = "<group>"; };
		8A4B85782683A12A006F9F4D /* MoviesViewController.h */ = {isa = PBXFileReference; lastKnownFileType = sourcecode.c.h; path = MoviesViewController.h; sourceTree = "<group>"; };
		8A4B85792683A12A006F9F4D /* MoviesViewController.m */ = {isa = PBXFileReference; lastKnownFileType = sourcecode.c.objc; path = MoviesViewController.m; sourceTree = "<group>"; };
		8A4B857E2683CC48006F9F4D /* MovieCell.h */ = {isa = PBXFileReference; lastKnownFileType = sourcecode.c.h; path = MovieCell.h; sourceTree = "<group>"; };
		8A4B857F2683CC48006F9F4D /* MovieCell.m */ = {isa = PBXFileReference; lastKnownFileType = sourcecode.c.objc; path = MovieCell.m; sourceTree = "<group>"; };
		8A4B85812683DD8F006F9F4D /* DetailsViewController.h */ = {isa = PBXFileReference; lastKnownFileType = sourcecode.c.h; path = DetailsViewController.h; sourceTree = "<group>"; };
		8A4B85822683DD8F006F9F4D /* DetailsViewController.m */ = {isa = PBXFileReference; lastKnownFileType = sourcecode.c.objc; path = DetailsViewController.m; sourceTree = "<group>"; };
		8A4B85842684009B006F9F4D /* MoviesGridViewController.h */ = {isa = PBXFileReference; lastKnownFileType = sourcecode.c.h; path = MoviesGridViewController.h; sourceTree = "<group>"; };
		8A4B85852684009B006F9F4D /* MoviesGridViewController.m */ = {isa = PBXFileReference; lastKnownFileType = sourcecode.c.objc; path = MoviesGridViewController.m; sourceTree = "<group>"; };
		8A4B85CE26851A3A006F9F4D /* MovieCollectionCell.h */ = {isa = PBXFileReference; lastKnownFileType = sourcecode.c.h; path = MovieCollectionCell.h; sourceTree = "<group>"; };
		8A4B85CF26851A3A006F9F4D /* MovieCollectionCell.m */ = {isa = PBXFileReference; lastKnownFileType = sourcecode.c.objc; path = MovieCollectionCell.m; sourceTree = "<group>"; };
		8AB116F026867F5C008B271B /* WebKit.framework */ = {isa = PBXFileReference; lastKnownFileType = wrapper.framework; name = WebKit.framework; path = System/Library/Frameworks/WebKit.framework; sourceTree = SDKROOT; };
		8AB116F526868081008B271B /* trailerViewViewController.h */ = {isa = PBXFileReference; lastKnownFileType = sourcecode.c.h; path = trailerViewViewController.h; sourceTree = "<group>"; };
		8AB116F626868081008B271B /* trailerViewViewController.m */ = {isa = PBXFileReference; lastKnownFileType = sourcecode.c.objc; path = trailerViewViewController.m; sourceTree = "<group>"; };
		8AB116F826868209008B271B /* anotherTrailerViewViewController.h */ = {isa = PBXFileReference; lastKnownFileType = sourcecode.c.h; path = anotherTrailerViewViewController.h; sourceTree = "<group>"; };
		8AB116F926868209008B271B /* anotherTrailerViewViewController.m */ = {isa = PBXFileReference; lastKnownFileType = sourcecode.c.objc; path = anotherTrailerViewViewController.m; sourceTree = "<group>"; };
		9A7BABE5D69EBFD7D9C673EB /* Pods-FlixTests.debug.xcconfig */ = {isa = PBXFileReference; includeInIndex = 1; lastKnownFileType = text.xcconfig; name = "Pods-FlixTests.debug.xcconfig"; path = "Target Support Files/Pods-FlixTests/Pods-FlixTests.debug.xcconfig"; sourceTree = "<group>"; };
		BA186212936B76C9A72D91A6 /* Pods_Flix.framework */ = {isa = PBXFileReference; explicitFileType = wrapper.framework; includeInIndex = 0; path = Pods_Flix.framework; sourceTree = BUILT_PRODUCTS_DIR; };
		DFED6DA1DD98074C25ED6335 /* Pods_FlixTests.framework */ = {isa = PBXFileReference; explicitFileType = wrapper.framework; includeInIndex = 0; path = Pods_FlixTests.framework; sourceTree = BUILT_PRODUCTS_DIR; };
		E7C2BE29142391A9DF7C0CEE /* Pods-Flix-FlixUITests.release.xcconfig */ = {isa = PBXFileReference; includeInIndex = 1; lastKnownFileType = text.xcconfig; name = "Pods-Flix-FlixUITests.release.xcconfig"; path = "Target Support Files/Pods-Flix-FlixUITests/Pods-Flix-FlixUITests.release.xcconfig"; sourceTree = "<group>"; };
/* End PBXFileReference section */

/* Begin PBXFrameworksBuildPhase section */
		8A4B853126839047006F9F4D /* Frameworks */ = {
			isa = PBXFrameworksBuildPhase;
			buildActionMask = 2147483647;
			files = (
				8AB116F126867F5C008B271B /* WebKit.framework in Frameworks */,
				ADD6EF12B5FE44263047EC4B /* Pods_Flix.framework in Frameworks */,
			);
			runOnlyForDeploymentPostprocessing = 0;
		};
		8A4B854C26839048006F9F4D /* Frameworks */ = {
			isa = PBXFrameworksBuildPhase;
			buildActionMask = 2147483647;
			files = (
				55B57D6E10BE8758C9AD14B5 /* Pods_FlixTests.framework in Frameworks */,
			);
			runOnlyForDeploymentPostprocessing = 0;
		};
		8A4B855726839048006F9F4D /* Frameworks */ = {
			isa = PBXFrameworksBuildPhase;
			buildActionMask = 2147483647;
			files = (
				AC45F8B1B4DC6819E0304086 /* Pods_Flix_FlixUITests.framework in Frameworks */,
			);
			runOnlyForDeploymentPostprocessing = 0;
		};
/* End PBXFrameworksBuildPhase section */

/* Begin PBXGroup section */
		8A4B852B26839046006F9F4D = {
			isa = PBXGroup;
			children = (
				8A4B853626839047006F9F4D /* Flix */,
				8A4B855226839048006F9F4D /* FlixTests */,
				8A4B855D26839048006F9F4D /* FlixUITests */,
				8A4B853526839047006F9F4D /* Products */,
				A97E3A71941760EAE3CE656C /* Pods */,
				A1FB069E57FF294276EF8E1F /* Frameworks */,
			);
			sourceTree = "<group>";
		};
		8A4B853526839047006F9F4D /* Products */ = {
			isa = PBXGroup;
			children = (
				8A4B853426839047006F9F4D /* Flix.app */,
				8A4B854F26839048006F9F4D /* FlixTests.xctest */,
				8A4B855A26839048006F9F4D /* FlixUITests.xctest */,
			);
			name = Products;
			sourceTree = "<group>";
		};
		8A4B853626839047006F9F4D /* Flix */ = {
			isa = PBXGroup;
			children = (
				8A4B857D2683C9D0006F9F4D /* Models */,
				8A4B857C2683C9BF006F9F4D /* Views */,
				8A4B85752683A0DA006F9F4D /* View Controllers */,
				8A4B853726839047006F9F4D /* AppDelegate.h */,
				8A4B853826839047006F9F4D /* AppDelegate.m */,
				8A4B853A26839047006F9F4D /* SceneDelegate.h */,
				8A4B853B26839047006F9F4D /* SceneDelegate.m */,
				8A4B854026839047006F9F4D /* Main.storyboard */,
				8A4B854326839048006F9F4D /* Assets.xcassets */,
				8A4B854526839048006F9F4D /* LaunchScreen.storyboard */,
				8A4B854826839048006F9F4D /* Info.plist */,
				8A4B854926839048006F9F4D /* main.m */,
			);
			path = Flix;
			sourceTree = "<group>";
		};
		8A4B855226839048006F9F4D /* FlixTests */ = {
			isa = PBXGroup;
			children = (
				8A4B855326839048006F9F4D /* FlixTests.m */,
				8A4B855526839048006F9F4D /* Info.plist */,
			);
			path = FlixTests;
			sourceTree = "<group>";
		};
		8A4B855D26839048006F9F4D /* FlixUITests */ = {
			isa = PBXGroup;
			children = (
				8A4B855E26839048006F9F4D /* FlixUITests.m */,
				8A4B856026839048006F9F4D /* Info.plist */,
			);
			path = FlixUITests;
			sourceTree = "<group>";
		};
		8A4B85752683A0DA006F9F4D /* View Controllers */ = {
			isa = PBXGroup;
			children = (
				8A4B85782683A12A006F9F4D /* MoviesViewController.h */,
				8A4B85792683A12A006F9F4D /* MoviesViewController.m */,
				8A4B85812683DD8F006F9F4D /* DetailsViewController.h */,
				8A4B85822683DD8F006F9F4D /* DetailsViewController.m */,
				8A4B85842684009B006F9F4D /* MoviesGridViewController.h */,
				8A4B85852684009B006F9F4D /* MoviesGridViewController.m */,
				8A30302C268544DB009B4797 /* GridViewController.m */,
				8A30302B268544DB009B4797 /* GridViewController.h */,
			);
			name = "View Controllers";
			sourceTree = "<group>";
		};
		8A4B857C2683C9BF006F9F4D /* Views */ = {
			isa = PBXGroup;
			children = (
				8A4B857E2683CC48006F9F4D /* MovieCell.h */,
				8A4B857F2683CC48006F9F4D /* MovieCell.m */,
				8A4B85CE26851A3A006F9F4D /* MovieCollectionCell.h */,
				8A4B85CF26851A3A006F9F4D /* MovieCollectionCell.m */,
			);
			name = Views;
			sourceTree = "<group>";
		};
		8A4B857D2683C9D0006F9F4D /* Models */ = {
			isa = PBXGroup;
			children = (
				8AB116F526868081008B271B /* trailerViewViewController.h */,
				8AB116F626868081008B271B /* trailerViewViewController.m */,
				8AB116F826868209008B271B /* anotherTrailerViewViewController.h */,
				8AB116F926868209008B271B /* anotherTrailerViewViewController.m */,
			);
			path = Models;
			sourceTree = "<group>";
		};
		A1FB069E57FF294276EF8E1F /* Frameworks */ = {
			isa = PBXGroup;
			children = (
				8AB116F026867F5C008B271B /* WebKit.framework */,
				BA186212936B76C9A72D91A6 /* Pods_Flix.framework */,
				8904384542DA25F40291754F /* Pods_Flix_FlixUITests.framework */,
				DFED6DA1DD98074C25ED6335 /* Pods_FlixTests.framework */,
			);
			name = Frameworks;
			sourceTree = "<group>";
		};
		A97E3A71941760EAE3CE656C /* Pods */ = {
			isa = PBXGroup;
			children = (
				793E126DB54818C822E0083D /* Pods-Flix.debug.xcconfig */,
				17C84DF23AB32144A4FD1BAF /* Pods-Flix.release.xcconfig */,
				52152B49154F1A346B9114B7 /* Pods-Flix-FlixUITests.debug.xcconfig */,
				E7C2BE29142391A9DF7C0CEE /* Pods-Flix-FlixUITests.release.xcconfig */,
				9A7BABE5D69EBFD7D9C673EB /* Pods-FlixTests.debug.xcconfig */,
				3CC0072DC3DFDFAD345E8843 /* Pods-FlixTests.release.xcconfig */,
			);
			path = Pods;
			sourceTree = "<group>";
		};
/* End PBXGroup section */

/* Begin PBXNativeTarget section */
		8A4B853326839047006F9F4D /* Flix */ = {
			isa = PBXNativeTarget;
			buildConfigurationList = 8A4B856326839048006F9F4D /* Build configuration list for PBXNativeTarget "Flix" */;
			buildPhases = (
				8626E6C5AD393233A830C7CC /* [CP] Check Pods Manifest.lock */,
				8A4B853026839047006F9F4D /* Sources */,
				8A4B853126839047006F9F4D /* Frameworks */,
				8A4B853226839047006F9F4D /* Resources */,
				442D63F26D7D28AC47B710DD /* [CP] Embed Pods Frameworks */,
			);
			buildRules = (
			);
			dependencies = (
			);
			name = Flix;
			productName = Flix;
			productReference = 8A4B853426839047006F9F4D /* Flix.app */;
			productType = "com.apple.product-type.application";
		};
		8A4B854E26839048006F9F4D /* FlixTests */ = {
			isa = PBXNativeTarget;
			buildConfigurationList = 8A4B856626839048006F9F4D /* Build configuration list for PBXNativeTarget "FlixTests" */;
			buildPhases = (
				7F6BAAD7BE3AE2192FE7CF9B /* [CP] Check Pods Manifest.lock */,
				8A4B854B26839048006F9F4D /* Sources */,
				8A4B854C26839048006F9F4D /* Frameworks */,
				8A4B854D26839048006F9F4D /* Resources */,
			);
			buildRules = (
			);
			dependencies = (
				8A4B855126839048006F9F4D /* PBXTargetDependency */,
			);
			name = FlixTests;
			productName = FlixTests;
			productReference = 8A4B854F26839048006F9F4D /* FlixTests.xctest */;
			productType = "com.apple.product-type.bundle.unit-test";
		};
		8A4B855926839048006F9F4D /* FlixUITests */ = {
			isa = PBXNativeTarget;
			buildConfigurationList = 8A4B856926839048006F9F4D /* Build configuration list for PBXNativeTarget "FlixUITests" */;
			buildPhases = (
				40F0DE7CF092DAE448D11D33 /* [CP] Check Pods Manifest.lock */,
				8A4B855626839048006F9F4D /* Sources */,
				8A4B855726839048006F9F4D /* Frameworks */,
				8A4B855826839048006F9F4D /* Resources */,
				63D1F99349868DC88E830AC3 /* [CP] Embed Pods Frameworks */,
			);
			buildRules = (
			);
			dependencies = (
				8A4B855C26839048006F9F4D /* PBXTargetDependency */,
			);
			name = FlixUITests;
			productName = FlixUITests;
			productReference = 8A4B855A26839048006F9F4D /* FlixUITests.xctest */;
			productType = "com.apple.product-type.bundle.ui-testing";
		};
/* End PBXNativeTarget section */

/* Begin PBXProject section */
		8A4B852C26839046006F9F4D /* Project object */ = {
			isa = PBXProject;
			attributes = {
				LastUpgradeCheck = 1250;
				TargetAttributes = {
					8A4B853326839047006F9F4D = {
						CreatedOnToolsVersion = 12.5.1;
					};
					8A4B854E26839048006F9F4D = {
						CreatedOnToolsVersion = 12.5.1;
						TestTargetID = 8A4B853326839047006F9F4D;
					};
					8A4B855926839048006F9F4D = {
						CreatedOnToolsVersion = 12.5.1;
						TestTargetID = 8A4B853326839047006F9F4D;
					};
				};
			};
			buildConfigurationList = 8A4B852F26839046006F9F4D /* Build configuration list for PBXProject "Flix" */;
			compatibilityVersion = "Xcode 9.3";
			developmentRegion = en;
			hasScannedForEncodings = 0;
			knownRegions = (
				en,
				Base,
			);
			mainGroup = 8A4B852B26839046006F9F4D;
			productRefGroup = 8A4B853526839047006F9F4D /* Products */;
			projectDirPath = "";
			projectRoot = "";
			targets = (
				8A4B853326839047006F9F4D /* Flix */,
				8A4B854E26839048006F9F4D /* FlixTests */,
				8A4B855926839048006F9F4D /* FlixUITests */,
			);
		};
/* End PBXProject section */

/* Begin PBXResourcesBuildPhase section */
		8A4B853226839047006F9F4D /* Resources */ = {
			isa = PBXResourcesBuildPhase;
			buildActionMask = 2147483647;
			files = (
				8A4B854726839048006F9F4D /* LaunchScreen.storyboard in Resources */,
				8A4B854426839048006F9F4D /* Assets.xcassets in Resources */,
				8A4B854226839047006F9F4D /* Main.storyboard in Resources */,
			);
			runOnlyForDeploymentPostprocessing = 0;
		};
		8A4B854D26839048006F9F4D /* Resources */ = {
			isa = PBXResourcesBuildPhase;
			buildActionMask = 2147483647;
			files = (
			);
			runOnlyForDeploymentPostprocessing = 0;
		};
		8A4B855826839048006F9F4D /* Resources */ = {
			isa = PBXResourcesBuildPhase;
			buildActionMask = 2147483647;
			files = (
			);
			runOnlyForDeploymentPostprocessing = 0;
		};
/* End PBXResourcesBuildPhase section */

/* Begin PBXShellScriptBuildPhase section */
		40F0DE7CF092DAE448D11D33 /* [CP] Check Pods Manifest.lock */ = {
			isa = PBXShellScriptBuildPhase;
			buildActionMask = 2147483647;
			files = (
			);
			inputFileListPaths = (
			);
			inputPaths = (
				"${PODS_PODFILE_DIR_PATH}/Podfile.lock",
				"${PODS_ROOT}/Manifest.lock",
			);
			name = "[CP] Check Pods Manifest.lock";
			outputFileListPaths = (
			);
			outputPaths = (
				"$(DERIVED_FILE_DIR)/Pods-Flix-FlixUITests-checkManifestLockResult.txt",
			);
			runOnlyForDeploymentPostprocessing = 0;
			shellPath = /bin/sh;
			shellScript = "diff \"${PODS_PODFILE_DIR_PATH}/Podfile.lock\" \"${PODS_ROOT}/Manifest.lock\" > /dev/null\nif [ $? != 0 ] ; then\n    # print error to STDERR\n    echo \"error: The sandbox is not in sync with the Podfile.lock. Run 'pod install' or update your CocoaPods installation.\" >&2\n    exit 1\nfi\n# This output is used by Xcode 'outputs' to avoid re-running this script phase.\necho \"SUCCESS\" > \"${SCRIPT_OUTPUT_FILE_0}\"\n";
			showEnvVarsInLog = 0;
		};
		442D63F26D7D28AC47B710DD /* [CP] Embed Pods Frameworks */ = {
			isa = PBXShellScriptBuildPhase;
			buildActionMask = 2147483647;
			files = (
			);
			inputFileListPaths = (
				"${PODS_ROOT}/Target Support Files/Pods-Flix/Pods-Flix-frameworks-${CONFIGURATION}-input-files.xcfilelist",
			);
			name = "[CP] Embed Pods Frameworks";
			outputFileListPaths = (
				"${PODS_ROOT}/Target Support Files/Pods-Flix/Pods-Flix-frameworks-${CONFIGURATION}-output-files.xcfilelist",
			);
			runOnlyForDeploymentPostprocessing = 0;
			shellPath = /bin/sh;
			shellScript = "\"${PODS_ROOT}/Target Support Files/Pods-Flix/Pods-Flix-frameworks.sh\"\n";
			showEnvVarsInLog = 0;
		};
		63D1F99349868DC88E830AC3 /* [CP] Embed Pods Frameworks */ = {
			isa = PBXShellScriptBuildPhase;
			buildActionMask = 2147483647;
			files = (
			);
			inputFileListPaths = (
				"${PODS_ROOT}/Target Support Files/Pods-Flix-FlixUITests/Pods-Flix-FlixUITests-frameworks-${CONFIGURATION}-input-files.xcfilelist",
			);
			name = "[CP] Embed Pods Frameworks";
			outputFileListPaths = (
				"${PODS_ROOT}/Target Support Files/Pods-Flix-FlixUITests/Pods-Flix-FlixUITests-frameworks-${CONFIGURATION}-output-files.xcfilelist",
			);
			runOnlyForDeploymentPostprocessing = 0;
			shellPath = /bin/sh;
			shellScript = "\"${PODS_ROOT}/Target Support Files/Pods-Flix-FlixUITests/Pods-Flix-FlixUITests-frameworks.sh\"\n";
			showEnvVarsInLog = 0;
		};
		7F6BAAD7BE3AE2192FE7CF9B /* [CP] Check Pods Manifest.lock */ = {
			isa = PBXShellScriptBuildPhase;
			buildActionMask = 2147483647;
			files = (
			);
			inputFileListPaths = (
			);
			inputPaths = (
				"${PODS_PODFILE_DIR_PATH}/Podfile.lock",
				"${PODS_ROOT}/Manifest.lock",
			);
			name = "[CP] Check Pods Manifest.lock";
			outputFileListPaths = (
			);
			outputPaths = (
				"$(DERIVED_FILE_DIR)/Pods-FlixTests-checkManifestLockResult.txt",
			);
			runOnlyForDeploymentPostprocessing = 0;
			shellPath = /bin/sh;
			shellScript = "diff \"${PODS_PODFILE_DIR_PATH}/Podfile.lock\" \"${PODS_ROOT}/Manifest.lock\" > /dev/null\nif [ $? != 0 ] ; then\n    # print error to STDERR\n    echo \"error: The sandbox is not in sync with the Podfile.lock. Run 'pod install' or update your CocoaPods installation.\" >&2\n    exit 1\nfi\n# This output is used by Xcode 'outputs' to avoid re-running this script phase.\necho \"SUCCESS\" > \"${SCRIPT_OUTPUT_FILE_0}\"\n";
			showEnvVarsInLog = 0;
		};
		8626E6C5AD393233A830C7CC /* [CP] Check Pods Manifest.lock */ = {
			isa = PBXShellScriptBuildPhase;
			buildActionMask = 2147483647;
			files = (
			);
			inputFileListPaths = (
			);
			inputPaths = (
				"${PODS_PODFILE_DIR_PATH}/Podfile.lock",
				"${PODS_ROOT}/Manifest.lock",
			);
			name = "[CP] Check Pods Manifest.lock";
			outputFileListPaths = (
			);
			outputPaths = (
				"$(DERIVED_FILE_DIR)/Pods-Flix-checkManifestLockResult.txt",
			);
			runOnlyForDeploymentPostprocessing = 0;
			shellPath = /bin/sh;
			shellScript = "diff \"${PODS_PODFILE_DIR_PATH}/Podfile.lock\" \"${PODS_ROOT}/Manifest.lock\" > /dev/null\nif [ $? != 0 ] ; then\n    # print error to STDERR\n    echo \"error: The sandbox is not in sync with the Podfile.lock. Run 'pod install' or update your CocoaPods installation.\" >&2\n    exit 1\nfi\n# This output is used by Xcode 'outputs' to avoid re-running this script phase.\necho \"SUCCESS\" > \"${SCRIPT_OUTPUT_FILE_0}\"\n";
			showEnvVarsInLog = 0;
		};
/* End PBXShellScriptBuildPhase section */

/* Begin PBXSourcesBuildPhase section */
		8A4B853026839047006F9F4D /* Sources */ = {
			isa = PBXSourcesBuildPhase;
			buildActionMask = 2147483647;
			files = (
				8A4B853926839047006F9F4D /* AppDelegate.m in Sources */,
				8AB116FA26868209008B271B /* anotherTrailerViewViewController.m in Sources */,
				8A30302D268544DB009B4797 /* GridViewController.m in Sources */,
				8A4B85802683CC48006F9F4D /* MovieCell.m in Sources */,
				8A4B854A26839048006F9F4D /* main.m in Sources */,
				8A4B85832683DD8F006F9F4D /* DetailsViewController.m in Sources */,
				8AB116F726868081008B271B /* trailerViewViewController.m in Sources */,
				8A4B85D026851A3A006F9F4D /* MovieCollectionCell.m in Sources */,
				8A4B853C26839047006F9F4D /* SceneDelegate.m in Sources */,
				8A4B857A2683A12A006F9F4D /* MoviesViewController.m in Sources */,
				8A4B85862684009B006F9F4D /* MoviesGridViewController.m in Sources */,
			);
			runOnlyForDeploymentPostprocessing = 0;
		};
		8A4B854B26839048006F9F4D /* Sources */ = {
			isa = PBXSourcesBuildPhase;
			buildActionMask = 2147483647;
			files = (
				8A4B855426839048006F9F4D /* FlixTests.m in Sources */,
			);
			runOnlyForDeploymentPostprocessing = 0;
		};
		8A4B855626839048006F9F4D /* Sources */ = {
			isa = PBXSourcesBuildPhase;
			buildActionMask = 2147483647;
			files = (
				8A4B855F26839048006F9F4D /* FlixUITests.m in Sources */,
			);
			runOnlyForDeploymentPostprocessing = 0;
		};
/* End PBXSourcesBuildPhase section */

/* Begin PBXTargetDependency section */
		8A4B855126839048006F9F4D /* PBXTargetDependency */ = {
			isa = PBXTargetDependency;
			target = 8A4B853326839047006F9F4D /* Flix */;
			targetProxy = 8A4B855026839048006F9F4D /* PBXContainerItemProxy */;
		};
		8A4B855C26839048006F9F4D /* PBXTargetDependency */ = {
			isa = PBXTargetDependency;
			target = 8A4B853326839047006F9F4D /* Flix */;
			targetProxy = 8A4B855B26839048006F9F4D /* PBXContainerItemProxy */;
		};
/* End PBXTargetDependency section */

/* Begin PBXVariantGroup section */
		8A4B854026839047006F9F4D /* Main.storyboard */ = {
			isa = PBXVariantGroup;
			children = (
				8A4B854126839047006F9F4D /* Base */,
			);
			name = Main.storyboard;
			sourceTree = "<group>";
		};
		8A4B854526839048006F9F4D /* LaunchScreen.storyboard */ = {
			isa = PBXVariantGroup;
			children = (
				8A4B854626839048006F9F4D /* Base */,
			);
			name = LaunchScreen.storyboard;
			sourceTree = "<group>";
		};
/* End PBXVariantGroup section */

/* Begin XCBuildConfiguration section */
		8A4B856126839048006F9F4D /* Debug */ = {
			isa = XCBuildConfiguration;
			buildSettings = {
				ALWAYS_SEARCH_USER_PATHS = NO;
				CLANG_ANALYZER_NONNULL = YES;
				CLANG_ANALYZER_NUMBER_OBJECT_CONVERSION = YES_AGGRESSIVE;
				CLANG_CXX_LANGUAGE_STANDARD = "gnu++14";
				CLANG_CXX_LIBRARY = "libc++";
				CLANG_ENABLE_MODULES = YES;
				CLANG_ENABLE_OBJC_ARC = YES;
				CLANG_ENABLE_OBJC_WEAK = YES;
				CLANG_WARN_BLOCK_CAPTURE_AUTORELEASING = YES;
				CLANG_WARN_BOOL_CONVERSION = YES;
				CLANG_WARN_COMMA = YES;
				CLANG_WARN_CONSTANT_CONVERSION = YES;
				CLANG_WARN_DEPRECATED_OBJC_IMPLEMENTATIONS = YES;
				CLANG_WARN_DIRECT_OBJC_ISA_USAGE = YES_ERROR;
				CLANG_WARN_DOCUMENTATION_COMMENTS = YES;
				CLANG_WARN_EMPTY_BODY = YES;
				CLANG_WARN_ENUM_CONVERSION = YES;
				CLANG_WARN_INFINITE_RECURSION = YES;
				CLANG_WARN_INT_CONVERSION = YES;
				CLANG_WARN_NON_LITERAL_NULL_CONVERSION = YES;
				CLANG_WARN_OBJC_IMPLICIT_RETAIN_SELF = YES;
				CLANG_WARN_OBJC_LITERAL_CONVERSION = YES;
				CLANG_WARN_OBJC_ROOT_CLASS = YES_ERROR;
				CLANG_WARN_QUOTED_INCLUDE_IN_FRAMEWORK_HEADER = YES;
				CLANG_WARN_RANGE_LOOP_ANALYSIS = YES;
				CLANG_WARN_STRICT_PROTOTYPES = YES;
				CLANG_WARN_SUSPICIOUS_MOVE = YES;
				CLANG_WARN_UNGUARDED_AVAILABILITY = YES_AGGRESSIVE;
				CLANG_WARN_UNREACHABLE_CODE = YES;
				CLANG_WARN__DUPLICATE_METHOD_MATCH = YES;
				COPY_PHASE_STRIP = NO;
				DEBUG_INFORMATION_FORMAT = dwarf;
				ENABLE_STRICT_OBJC_MSGSEND = YES;
				ENABLE_TESTABILITY = YES;
				GCC_C_LANGUAGE_STANDARD = gnu11;
				GCC_DYNAMIC_NO_PIC = NO;
				GCC_NO_COMMON_BLOCKS = YES;
				GCC_OPTIMIZATION_LEVEL = 0;
				GCC_PREPROCESSOR_DEFINITIONS = (
					"DEBUG=1",
					"$(inherited)",
				);
				GCC_WARN_64_TO_32_BIT_CONVERSION = YES;
				GCC_WARN_ABOUT_RETURN_TYPE = YES_ERROR;
				GCC_WARN_UNDECLARED_SELECTOR = YES;
				GCC_WARN_UNINITIALIZED_AUTOS = YES_AGGRESSIVE;
				GCC_WARN_UNUSED_FUNCTION = YES;
				GCC_WARN_UNUSED_VARIABLE = YES;
				IPHONEOS_DEPLOYMENT_TARGET = 14.5;
				MTL_ENABLE_DEBUG_INFO = INCLUDE_SOURCE;
				MTL_FAST_MATH = YES;
				ONLY_ACTIVE_ARCH = YES;
				SDKROOT = iphoneos;
			};
			name = Debug;
		};
		8A4B856226839048006F9F4D /* Release */ = {
			isa = XCBuildConfiguration;
			buildSettings = {
				ALWAYS_SEARCH_USER_PATHS = NO;
				CLANG_ANALYZER_NONNULL = YES;
				CLANG_ANALYZER_NUMBER_OBJECT_CONVERSION = YES_AGGRESSIVE;
				CLANG_CXX_LANGUAGE_STANDARD = "gnu++14";
				CLANG_CXX_LIBRARY = "libc++";
				CLANG_ENABLE_MODULES = YES;
				CLANG_ENABLE_OBJC_ARC = YES;
				CLANG_ENABLE_OBJC_WEAK = YES;
				CLANG_WARN_BLOCK_CAPTURE_AUTORELEASING = YES;
				CLANG_WARN_BOOL_CONVERSION = YES;
				CLANG_WARN_COMMA = YES;
				CLANG_WARN_CONSTANT_CONVERSION = YES;
				CLANG_WARN_DEPRECATED_OBJC_IMPLEMENTATIONS = YES;
				CLANG_WARN_DIRECT_OBJC_ISA_USAGE = YES_ERROR;
				CLANG_WARN_DOCUMENTATION_COMMENTS = YES;
				CLANG_WARN_EMPTY_BODY = YES;
				CLANG_WARN_ENUM_CONVERSION = YES;
				CLANG_WARN_INFINITE_RECURSION = YES;
				CLANG_WARN_INT_CONVERSION = YES;
				CLANG_WARN_NON_LITERAL_NULL_CONVERSION = YES;
				CLANG_WARN_OBJC_IMPLICIT_RETAIN_SELF = YES;
				CLANG_WARN_OBJC_LITERAL_CONVERSION = YES;
				CLANG_WARN_OBJC_ROOT_CLASS = YES_ERROR;
				CLANG_WARN_QUOTED_INCLUDE_IN_FRAMEWORK_HEADER = YES;
				CLANG_WARN_RANGE_LOOP_ANALYSIS = YES;
				CLANG_WARN_STRICT_PROTOTYPES = YES;
				CLANG_WARN_SUSPICIOUS_MOVE = YES;
				CLANG_WARN_UNGUARDED_AVAILABILITY = YES_AGGRESSIVE;
				CLANG_WARN_UNREACHABLE_CODE = YES;
				CLANG_WARN__DUPLICATE_METHOD_MATCH = YES;
				COPY_PHASE_STRIP = NO;
				DEBUG_INFORMATION_FORMAT = "dwarf-with-dsym";
				ENABLE_NS_ASSERTIONS = NO;
				ENABLE_STRICT_OBJC_MSGSEND = YES;
				GCC_C_LANGUAGE_STANDARD = gnu11;
				GCC_NO_COMMON_BLOCKS = YES;
				GCC_WARN_64_TO_32_BIT_CONVERSION = YES;
				GCC_WARN_ABOUT_RETURN_TYPE = YES_ERROR;
				GCC_WARN_UNDECLARED_SELECTOR = YES;
				GCC_WARN_UNINITIALIZED_AUTOS = YES_AGGRESSIVE;
				GCC_WARN_UNUSED_FUNCTION = YES;
				GCC_WARN_UNUSED_VARIABLE = YES;
				IPHONEOS_DEPLOYMENT_TARGET = 14.5;
				MTL_ENABLE_DEBUG_INFO = NO;
				MTL_FAST_MATH = YES;
				SDKROOT = iphoneos;
				VALIDATE_PRODUCT = YES;
			};
			name = Release;
		};
		8A4B856426839048006F9F4D /* Debug */ = {
			isa = XCBuildConfiguration;
			baseConfigurationReference = 793E126DB54818C822E0083D /* Pods-Flix.debug.xcconfig */;
			buildSettings = {
				ASSETCATALOG_COMPILER_APPICON_NAME = AppIcon;
				ASSETCATALOG_COMPILER_GLOBAL_ACCENT_COLOR_NAME = AccentColor;
				CODE_SIGN_STYLE = Automatic;
				DEVELOPMENT_TEAM = P68SDG3TWP;
				INFOPLIST_FILE = Flix/Info.plist;
				LD_RUNPATH_SEARCH_PATHS = (
					"$(inherited)",
					"@executable_path/Frameworks",
				);
				PRODUCT_BUNDLE_IDENTIFIER = com.codepath.Flix;
				PRODUCT_NAME = "$(TARGET_NAME)";
				TARGETED_DEVICE_FAMILY = "1,2";
			};
			name = Debug;
		};
		8A4B856526839048006F9F4D /* Release */ = {
			isa = XCBuildConfiguration;
			baseConfigurationReference = 17C84DF23AB32144A4FD1BAF /* Pods-Flix.release.xcconfig */;
			buildSettings = {
				ASSETCATALOG_COMPILER_APPICON_NAME = AppIcon;
				ASSETCATALOG_COMPILER_GLOBAL_ACCENT_COLOR_NAME = AccentColor;
				CODE_SIGN_STYLE = Automatic;
				DEVELOPMENT_TEAM = P68SDG3TWP;
				INFOPLIST_FILE = Flix/Info.plist;
				LD_RUNPATH_SEARCH_PATHS = (
					"$(inherited)",
					"@executable_path/Frameworks",
				);
				PRODUCT_BUNDLE_IDENTIFIER = com.codepath.Flix;
				PRODUCT_NAME = "$(TARGET_NAME)";
				TARGETED_DEVICE_FAMILY = "1,2";
			};
			name = Release;
		};
		8A4B856726839048006F9F4D /* Debug */ = {
			isa = XCBuildConfiguration;
			baseConfigurationReference = 9A7BABE5D69EBFD7D9C673EB /* Pods-FlixTests.debug.xcconfig */;
			buildSettings = {
				BUNDLE_LOADER = "$(TEST_HOST)";
				CODE_SIGN_STYLE = Automatic;
				DEVELOPMENT_TEAM = P68SDG3TWP;
				INFOPLIST_FILE = FlixTests/Info.plist;
				IPHONEOS_DEPLOYMENT_TARGET = 14.5;
				LD_RUNPATH_SEARCH_PATHS = (
					"$(inherited)",
					"@executable_path/Frameworks",
					"@loader_path/Frameworks",
				);
				PRODUCT_BUNDLE_IDENTIFIER = com.codepath.FlixTests;
				PRODUCT_NAME = "$(TARGET_NAME)";
				TARGETED_DEVICE_FAMILY = "1,2";
				TEST_HOST = "$(BUILT_PRODUCTS_DIR)/Flix.app/Flix";
			};
			name = Debug;
		};
		8A4B856826839048006F9F4D /* Release */ = {
			isa = XCBuildConfiguration;
			baseConfigurationReference = 3CC0072DC3DFDFAD345E8843 /* Pods-FlixTests.release.xcconfig */;
			buildSettings = {
				BUNDLE_LOADER = "$(TEST_HOST)";
				CODE_SIGN_STYLE = Automatic;
				DEVELOPMENT_TEAM = P68SDG3TWP;
				INFOPLIST_FILE = FlixTests/Info.plist;
				IPHONEOS_DEPLOYMENT_TARGET = 14.5;
				LD_RUNPATH_SEARCH_PATHS = (
					"$(inherited)",
					"@executable_path/Frameworks",
					"@loader_path/Frameworks",
				);
				PRODUCT_BUNDLE_IDENTIFIER = com.codepath.FlixTests;
				PRODUCT_NAME = "$(TARGET_NAME)";
				TARGETED_DEVICE_FAMILY = "1,2";
				TEST_HOST = "$(BUILT_PRODUCTS_DIR)/Flix.app/Flix";
			};
			name = Release;
		};
		8A4B856A26839048006F9F4D /* Debug */ = {
			isa = XCBuildConfiguration;
			baseConfigurationReference = 52152B49154F1A346B9114B7 /* Pods-Flix-FlixUITests.debug.xcconfig */;
			buildSettings = {
				CODE_SIGN_STYLE = Automatic;
				DEVELOPMENT_TEAM = P68SDG3TWP;
				INFOPLIST_FILE = FlixUITests/Info.plist;
				LD_RUNPATH_SEARCH_PATHS = (
					"$(inherited)",
					"@executable_path/Frameworks",
					"@loader_path/Frameworks",
				);
				PRODUCT_BUNDLE_IDENTIFIER = com.codepath.FlixUITests;
				PRODUCT_NAME = "$(TARGET_NAME)";
				TARGETED_DEVICE_FAMILY = "1,2";
				TEST_TARGET_NAME = Flix;
			};
			name = Debug;
		};
		8A4B856B26839048006F9F4D /* Release */ = {
			isa = XCBuildConfiguration;
			baseConfigurationReference = E7C2BE29142391A9DF7C0CEE /* Pods-Flix-FlixUITests.release.xcconfig */;
			buildSettings = {
				CODE_SIGN_STYLE = Automatic;
				DEVELOPMENT_TEAM = P68SDG3TWP;
				INFOPLIST_FILE = FlixUITests/Info.plist;
				LD_RUNPATH_SEARCH_PATHS = (
					"$(inherited)",
					"@executable_path/Frameworks",
					"@loader_path/Frameworks",
				);
				PRODUCT_BUNDLE_IDENTIFIER = com.codepath.FlixUITests;
				PRODUCT_NAME = "$(TARGET_NAME)";
				TARGETED_DEVICE_FAMILY = "1,2";
				TEST_TARGET_NAME = Flix;
			};
			name = Release;
		};
/* End XCBuildConfiguration section */

/* Begin XCConfigurationList section */
		8A4B852F26839046006F9F4D /* Build configuration list for PBXProject "Flix" */ = {
			isa = XCConfigurationList;
			buildConfigurations = (
				8A4B856126839048006F9F4D /* Debug */,
				8A4B856226839048006F9F4D /* Release */,
			);
			defaultConfigurationIsVisible = 0;
			defaultConfigurationName = Release;
		};
		8A4B856326839048006F9F4D /* Build configuration list for PBXNativeTarget "Flix" */ = {
			isa = XCConfigurationList;
			buildConfigurations = (
				8A4B856426839048006F9F4D /* Debug */,
				8A4B856526839048006F9F4D /* Release */,
			);
			defaultConfigurationIsVisible = 0;
			defaultConfigurationName = Release;
		};
		8A4B856626839048006F9F4D /* Build configuration list for PBXNativeTarget "FlixTests" */ = {
			isa = XCConfigurationList;
			buildConfigurations = (
				8A4B856726839048006F9F4D /* Debug */,
				8A4B856826839048006F9F4D /* Release */,
			);
			defaultConfigurationIsVisible = 0;
			defaultConfigurationName = Release;
		};
		8A4B856926839048006F9F4D /* Build configuration list for PBXNativeTarget "FlixUITests" */ = {
			isa = XCConfigurationList;
			buildConfigurations = (
				8A4B856A26839048006F9F4D /* Debug */,
				8A4B856B26839048006F9F4D /* Release */,
			);
			defaultConfigurationIsVisible = 0;
			defaultConfigurationName = Release;
		};
/* End XCConfigurationList section */
	};
	rootObject = 8A4B852C26839046006F9F4D /* Project object */;
}
